{
  "name": "@badaimweeb/js-protov2d",
  "version": "0.3.0",
  "lockfileVersion": 3,
  "requires": true,
  "packages": {
    "": {
      "name": "@badaimweeb/js-protov2d",
      "version": "0.3.0",
      "license": "MIT",
      "dependencies": {
        "isomorphic-ws": "^5.0.0",
        "kyber-crystals": "^1.0.5",
        "msgpack-lite": "^0.1.26",
        "superdilithium": "^2.0.3",
        "ws": "^8.12.1"
      },
      "devDependencies": {
        "@types/msgpack-lite": "^0.1.8",
        "@types/node": "^18.14.6",
        "@types/ws": "^8.5.4",
        "typescript": "^4.9.5"
      }
    },
    "node_modules/@types/msgpack-lite": {
      "version": "0.1.8",
      "resolved": "https://registry.npmjs.org/@types/msgpack-lite/-/msgpack-lite-0.1.8.tgz",
      "integrity": "sha512-3qIhe8MH1kGcXnB5YuY6W0lLb9LEcWrhanDYfw0zKdXAv+CNKG0+6To1X8dqVyrxKb3FeAgJBJS5RdFwBQteVg==",
      "dev": true,
      "dependencies": {
        "@types/node": "*"
      }
    },
    "node_modules/@types/node": {
      "version": "18.15.10",
      "resolved": "https://registry.npmjs.org/@types/node/-/node-18.15.10.tgz",
      "integrity": "sha512-9avDaQJczATcXgfmMAW3MIWArOO7A+m90vuCFLr8AotWf8igO/mRoYukrk2cqZVtv38tHs33retzHEilM7FpeQ==",
      "dev": true
    },
    "node_modules/@types/ws": {
      "version": "8.5.4",
      "resolved": "https://registry.npmjs.org/@types/ws/-/ws-8.5.4.tgz",
      "integrity": "sha512-zdQDHKUgcX/zBc4GrwsE/7dVdAD8JR4EuiAXiiUhhfyIJXXb2+PrGshFyeXWQPMmmZ2XxgaqclgpIC7eTXc1mg==",
      "dev": true,
      "dependencies": {
        "@types/node": "*"
      }
    },
    "node_modules/dilithium-crystals": {
      "version": "1.0.4",
      "resolved": "https://registry.npmjs.org/dilithium-crystals/-/dilithium-crystals-1.0.4.tgz",
      "integrity": "sha512-LsDVPTj4CMSpz1inXsgRcIdJyHXy8rspfJXcKrXBUzuuLuJLioX1eXG6ItnyvMIQJ5qosYZZ7HsOpX4jk3uhGg=="
    },
    "node_modules/event-lite": {
      "version": "0.1.3",
      "resolved": "https://registry.npmjs.org/event-lite/-/event-lite-0.1.3.tgz",
      "integrity": "sha512-8qz9nOz5VeD2z96elrEKD2U433+L3DWdUdDkOINLGOJvx1GsMBbMn0aCeu28y8/e85A6mCigBiFlYMnTBEGlSw=="
    },
    "node_modules/fast-sha512": {
      "version": "1.0.4",
      "resolved": "https://registry.npmjs.org/fast-sha512/-/fast-sha512-1.0.4.tgz",
      "integrity": "sha512-WFKli7kH9C7b64GJPWADVfZX5aEvHZviFhY210DpchO915ynJTkK3Sd8Pkj56+Gpam5XgGTI8nFCeHUiQ1JQIQ==",
      "dependencies": {
        "sodiumutil": "*"
      }
    },
    "node_modules/ieee754": {
      "version": "1.2.1",
      "resolved": "https://registry.npmjs.org/ieee754/-/ieee754-1.2.1.tgz",
      "integrity": "sha512-dcyqhDvX1C46lXZcVqCpK+FtMRQVdIMN6/Df5js2zouUsqG7I6sFxitIC+7KYK29KdXOLHdu9zL4sFnoVQnqaA==",
      "funding": [
        {
          "type": "github",
          "url": "https://github.com/sponsors/feross"
        },
        {
          "type": "patreon",
          "url": "https://www.patreon.com/feross"
        },
        {
          "type": "consulting",
          "url": "https://feross.org/support"
        }
      ]
    },
    "node_modules/int64-buffer": {
      "version": "0.1.10",
      "resolved": "https://registry.npmjs.org/int64-buffer/-/int64-buffer-0.1.10.tgz",
      "integrity": "sha512-v7cSY1J8ydZ0GyjUHqF+1bshJ6cnEVLo9EnjB8p+4HDRPZc9N5jjmvUV7NvEsqQOKyH0pmIBFWXVQbiS0+OBbA=="
    },
    "node_modules/isarray": {
      "version": "1.0.0",
      "resolved": "https://registry.npmjs.org/isarray/-/isarray-1.0.0.tgz",
      "integrity": "sha512-VLghIWNM6ELQzo7zwmcg0NmTVyWKYjvIeM83yjp0wRDTmUnrM678fQbcKBo6n2CJEF0szoG//ytg+TKla89ALQ=="
    },
    "node_modules/isomorphic-ws": {
      "version": "5.0.0",
      "resolved": "https://registry.npmjs.org/isomorphic-ws/-/isomorphic-ws-5.0.0.tgz",
      "integrity": "sha512-muId7Zzn9ywDsyXgTIafTry2sV3nySZeUDe6YedVd1Hvuuep5AsIlqK+XefWpYTyJG5e503F2xIuT2lcU6rCSw==",
      "peerDependencies": {
        "ws": "*"
      }
    },
    "node_modules/kyber-crystals": {
      "version": "1.0.5",
      "resolved": "https://registry.npmjs.org/kyber-crystals/-/kyber-crystals-1.0.5.tgz",
      "integrity": "sha512-ZFJS9W0TkZxgyzYAQ2y4pfdNzxj52ZqE0HJtsZH6/pMfme/7WsPvP/iYXU301XnrYhO/g6qnT9TgWHXCPsMT+w=="
    },
    "node_modules/libsodium-sumo": {
      "version": "0.7.11",
      "resolved": "https://registry.npmjs.org/libsodium-sumo/-/libsodium-sumo-0.7.11.tgz",
      "integrity": "sha512-bY+7ph7xpk51Ez2GbE10lXAQ5sJma6NghcIDaSPbM/G9elfrjLa0COHl/7P6Wb/JizQzl5UQontOOP1z0VwbLA=="
    },
    "node_modules/libsodium-wrappers-sumo": {
      "version": "0.7.11",
      "resolved": "https://registry.npmjs.org/libsodium-wrappers-sumo/-/libsodium-wrappers-sumo-0.7.11.tgz",
      "integrity": "sha512-DGypHOmJbB1nZn89KIfGOAkDgfv5N6SBGC3Qvmy/On0P0WD1JQvNRS/e3UL3aFF+xC0m+MYz5M+MnRnK2HMrKQ==",
      "dependencies": {
        "libsodium-sumo": "^0.7.11"
      }
    },
    "node_modules/msgpack-lite": {
      "version": "0.1.26",
      "resolved": "https://registry.npmjs.org/msgpack-lite/-/msgpack-lite-0.1.26.tgz",
      "integrity": "sha512-SZ2IxeqZ1oRFGo0xFGbvBJWMp3yLIY9rlIJyxy8CGrwZn1f0ZK4r6jV/AM1r0FZMDUkWkglOk/eeKIL9g77Nxw==",
      "dependencies": {
        "event-lite": "^0.1.1",
        "ieee754": "^1.1.8",
        "int64-buffer": "^0.1.9",
        "isarray": "^1.0.0"
      },
      "bin": {
        "msgpack": "bin/msgpack"
      }
    },
    "node_modules/sodiumutil": {
      "version": "4.0.2",
      "resolved": "https://registry.npmjs.org/sodiumutil/-/sodiumutil-4.0.2.tgz",
      "integrity": "sha512-CBUEG+bB9RNm7HR4SVTI5PI+l/Re0ov7E/I95Z0qNf4nScMPnW3THsXloOE4QKKiyAbWeN+KNMODCkWPCHdspQ==",
      "peerDependencies": {
        "libsodium-wrappers-sumo": "*"
      }
    },
    "node_modules/superdilithium": {
      "version": "2.0.4",
      "resolved": "https://registry.npmjs.org/superdilithium/-/superdilithium-2.0.4.tgz",
      "integrity": "sha512-+VVppxGhEzOUhzMsanC74XTz8sgtybpdIYXFpPvovM1DLM5OeO+ZIsQCoiswmOTXLX7I88rCx/JDQxuX+yZVGQ==",
      "dependencies": {
        "dilithium-crystals": "*",
        "fast-sha512": "*",
        "libsodium-wrappers-sumo": "*",
        "sodiumutil": "*"
      }
    },
    "node_modules/typescript": {
      "version": "4.9.5",
      "resolved": "https://registry.npmjs.org/typescript/-/typescript-4.9.5.tgz",
      "integrity": "sha512-1FXk9E2Hm+QzZQ7z+McJiHL4NW1F2EzMu9Nq9i3zAaGqibafqYwCVU6WyWAuyQRRzOlxou8xZSyXLEN8oKj24g==",
      "dev": true,
      "bin": {
        "tsc": "bin/tsc",
        "tsserver": "bin/tsserver"
      },
      "engines": {
        "node": ">=4.2.0"
      }
    },
    "node_modules/ws": {
      "version": "8.13.0",
      "resolved": "https://registry.npmjs.org/ws/-/ws-8.13.0.tgz",
      "integrity": "sha512-x9vcZYTrFPC7aSIbj7sRCYo7L/Xb8Iy+pW0ng0wt2vCJv7M9HOMy0UoN3rr+IFC7hb7vXoqS+P9ktyLLLhO+LA==",
      "engines": {
        "node": ">=10.0.0"
      },
      "peerDependencies": {
        "bufferutil": "^4.0.1",
        "utf-8-validate": ">=5.0.2"
      },
      "peerDependenciesMeta": {
        "bufferutil": {
          "optional": true
        },
        "utf-8-validate": {
          "optional": true
        }
      }
    }
  }
}
